# Musashi source pin for HAS runtime emulation tests
# Update using: ./scripts/update_musashi_pin.sh <git-ref>
MUSASHI_REPO=https://github.com/kstenerud/Musashi.git
MUSASHI_REF=313ebf1ad8f0f9dfc0b5a596f9e9d97f317f93ec
MUSASHI_PINNED_ON=2026-07-28
MUSASHI_NOTES=Pinned commit for Linux runtime test reproducibility.
