# Musashi source pin for HAS runtime emulation tests
# Update using: ./scripts/update_musashi_pin.sh <git-ref>
MUSASHI_REPO=https://github.com/kstenerud/Musashi.git
MUSASHI_REF=313ebf1bd9f4d0d93341eb5ce21fd8a119e9dbdd
MUSASHI_PINNED_ON=2026-08-01
MUSASHI_NOTES=Pinned to upstream Musashi master merge commit for reproducible Linux runtime tests.
